{
  "lockfileVersion": 1,
  "configVersion": 0,
  "workspaces": {
    "": {
      "dependencies": {
        "@opencode-ai/plugin": "1.0.83",
      },
    },
  },
  "packages": {
    "@opencode-ai/plugin": ["@opencode-ai/plugin@1.0.83", "", { "dependencies": { "@opencode-ai/sdk": "1.0.83", "zod": "4.1.8" } }, "sha512-nLRvmSRtGY8bw55xvomGZEBTPNJf3HlF04weD1wH0pnAY6pZieMgmUamafg89/4DIv9iNKPVAcc+h/4hR1Mx5w=="],

    "@opencode-ai/sdk": ["@opencode-ai/sdk@1.0.83", "", {}, "sha512-G0O3Nu7+HGK/sTiEV4nOIqBMRb+o8BIjVoWhzJWNwvqb9wMPpxHcs3y1IRO0BTC4nt6zogDFvU/tiq9tk9sdyg=="],

    "zod": ["zod@4.1.8", "", {}, "sha512-5R1P+WwQqmmMIEACyzSvo4JXHY5WiAFHRMg+zBZKgKS+Q1viRa0C1hmUKtHltoIFKtIdki3pRxkmpP74jnNYHQ=="],
  }
}
